// !$*UTF8*$!
{
	archiveVersion = 1;
	classes = {
	};
	objectVersion = 50;
	objects = {

/* Begin PBXBuildFile section */
		A3499292219B855B004ECBB0 /* AppDelegate.swift in Sources */ = {isa = PBXBuildFile; fileRef = A3499291219B855B004ECBB0 /* AppDelegate.swift */; };
		A3499294219B855B004ECBB0 /* ViewController.swift in Sources */ = {isa = PBXBuildFile; fileRef = A3499293219B855B004ECBB0 /* ViewController.swift */; };
		A3499297219B855B004ECBB0 /* Main.storyboard in Resources */ = {isa = PBXBuildFile; fileRef = A3499295219B855B004ECBB0 /* Main.storyboard */; };
		A3499299219B855D004ECBB0 /* Assets.xcassets in Resources */ = {isa = PBXBuildFile; fileRef = A3499298219B855D004ECBB0 /* Assets.xcassets */; };
		A349929C219B855D004ECBB0 /* LaunchScreen.storyboard in Resources */ = {isa = PBXBuildFile; fileRef = A349929A219B855D004ECBB0 /* LaunchScreen.storyboard */; };
		A34992A6219B8634004ECBB0 /* logo.png in Resources */ = {isa = PBXBuildFile; fileRef = A34992A3219B8634004ECBB0 /* logo.png */; };
		A34992A7219B8634004ECBB0 /* botaogerar-pressionado.png in Resources */ = {isa = PBXBuildFile; fileRef = A34992A4219B8634004ECBB0 /* botaogerar-pressionado.png */; };
		A34992A8219B8634004ECBB0 /* botaogerar.png in Resources */ = {isa = PBXBuildFile; fileRef = A34992A5219B8634004ECBB0 /* botaogerar.png */; };
/* End PBXBuildFile section */

/* Begin PBXFileReference section */
		A349928E219B855B004ECBB0 /* Gerador Numeros Aleatorios.app */ = {isa = PBXFileReference; explicitFileType = wrapper.application; includeInIndex = 0; path = "Gerador Numeros Aleatorios.app"; sourceTree = BUILT_PRODUCTS_DIR; };
		A3499291219B855B004ECBB0 /* AppDelegate.swift */ = {isa = PBXFileReference; lastKnownFileType = sourcecode.swift; path = AppDelegate.swift; sourceTree = "<group>"; };
		A3499293219B855B004ECBB0 /* ViewController.swift */ = {isa = PBXFileReference; lastKnownFileType = sourcecode.swift; path = ViewController.swift; sourceTree = "<group>"; };
		A3499296219B855B004ECBB0 /* Base */ = {isa = PBXFileReference; lastKnownFileType = file.storyboard; name = Base; path = Base.lproj/Main.storyboard; sourceTree = "<group>"; };
		A3499298219B855D004ECBB0 /* Assets.xcassets */ = {isa = PBXFileReference; lastKnownFileType = folder.assetcatalog; path = Assets.xcassets; sourceTree = "<group>"; };
		A349929B219B855D004ECBB0 /* Base */ = {isa = PBXFileReference; lastKnownFileType = file.storyboard; name = Base; path = Base.lproj/LaunchScreen.storyboard; sourceTree = "<group>"; };
		A349929D219B855D004ECBB0 /* Info.plist */ = {isa = PBXFileReference; lastKnownFileType = text.plist.xml; path = Info.plist; sourceTree = "<group>"; };
		A34992A3219B8634004ECBB0 /* logo.png */ = {isa = PBXFileReference; lastKnownFileType = image.png; name = logo.png; path = "../../../../Downloads/imagens-app-sorteio/logo.png"; sourceTree = "<group>"; };
		A34992A4219B8634004ECBB0 /* botaogerar-pressionado.png */ = {isa = PBXFileReference; lastKnownFileType = image.png; name = "botaogerar-pressionado.png"; path = "../../../../Downloads/imagens-app-sorteio/botaogerar-pressionado.png"; sourceTree = "<group>"; };
		A34992A5219B8634004ECBB0 /* botaogerar.png */ = {isa = PBXFileReference; lastKnownFileType = image.png; name = botaogerar.png; path = "../../../../Downloads/imagens-app-sorteio/botaogerar.png"; sourceTree = "<group>"; };
/* End PBXFileReference section */

/* Begin PBXFrameworksBuildPhase section */
		A349928B219B855B004ECBB0 /* Frameworks */ = {
			isa = PBXFrameworksBuildPhase;
			buildActionMask = 2147483647;
			files = (
			);
			runOnlyForDeploymentPostprocessing = 0;
		};
/* End PBXFrameworksBuildPhase section */

/* Begin PBXGroup section */
		A3499285219B855B004ECBB0 = {
			isa = PBXGroup;
			children = (
				A3499290219B855B004ECBB0 /* Gerador Numeros Aleatorios */,
				A349928F219B855B004ECBB0 /* Products */,
			);
			sourceTree = "<group>";
		};
		A349928F219B855B004ECBB0 /* Products */ = {
			isa = PBXGroup;
			children = (
				A349928E219B855B004ECBB0 /* Gerador Numeros Aleatorios.app */,
			);
			name = Products;
			sourceTree = "<group>";
		};
		A3499290219B855B004ECBB0 /* Gerador Numeros Aleatorios */ = {
			isa = PBXGroup;
			children = (
				A34992A4219B8634004ECBB0 /* botaogerar-pressionado.png */,
				A34992A5219B8634004ECBB0 /* botaogerar.png */,
				A34992A3219B8634004ECBB0 /* logo.png */,
				A3499291219B855B004ECBB0 /* AppDelegate.swift */,
				A3499293219B855B004ECBB0 /* ViewController.swift */,
				A3499295219B855B004ECBB0 /* Main.storyboard */,
				A3499298219B855D004ECBB0 /* Assets.xcassets */,
				A349929A219B855D004ECBB0 /* LaunchScreen.storyboard */,
				A349929D219B855D004ECBB0 /* Info.plist */,
			);
			path = "Gerador Numeros Aleatorios";
			sourceTree = "<group>";
		};
/* End PBXGroup section */

/* Begin PBXNativeTarget section */
		A349928D219B855B004ECBB0 /* Gerador Numeros Aleatorios */ = {
			isa = PBXNativeTarget;
			buildConfigurationList = A34992A0219B855D004ECBB0 /* Build configuration list for PBXNativeTarget "Gerador Numeros Aleatorios" */;
			buildPhases = (
				A349928A219B855B004ECBB0 /* Sources */,
				A349928B219B855B004ECBB0 /* Frameworks */,
				A349928C219B855B004ECBB0 /* Resources */,
			);
			buildRules = (
			);
			dependencies = (
			);
			name = "Gerador Numeros Aleatorios";
			productName = "Gerador Numeros Aleatorios";
			productReference = A349928E219B855B004ECBB0 /* Gerador Numeros Aleatorios.app */;
			productType = "com.apple.product-type.application";
		};
/* End PBXNativeTarget section */

/* Begin PBXProject section */
		A3499286219B855B004ECBB0 /* Project object */ = {
			isa = PBXProject;
			attributes = {
				LastSwiftUpdateCheck = 1000;
				LastUpgradeCheck = 1000;
				ORGANIZATIONNAME = AK;
				TargetAttributes = {
					A349928D219B855B004ECBB0 = {
						CreatedOnToolsVersion = 10.0;
					};
				};
			};
			buildConfigurationList = A3499289219B855B004ECBB0 /* Build configuration list for PBXProject "Gerador Numeros Aleatorios" */;
			compatibilityVersion = "Xcode 9.3";
			developmentRegion = en;
			hasScannedForEncodings = 0;
			knownRegions = (
				en,
				Base,
			);
			mainGroup = A3499285219B855B004ECBB0;
			productRefGroup = A349928F219B855B004ECBB0 /* Products */;
			projectDirPath = "";
			projectRoot = "";
			targets = (
				A349928D219B855B004ECBB0 /* Gerador Numeros Aleatorios */,
			);
		};
/* End PBXProject section */

/* Begin PBXResourcesBuildPhase section */
		A349928C219B855B004ECBB0 /* Resources */ = {
			isa = PBXResourcesBuildPhase;
			buildActionMask = 2147483647;
			files = (
				A34992A6219B8634004ECBB0 /* logo.png in Resources */,
				A34992A8219B8634004ECBB0 /* botaogerar.png in Resources */,
				A349929C219B855D004ECBB0 /* LaunchScreen.storyboard in Resources */,
				A3499299219B855D004ECBB0 /* Assets.xcassets in Resources */,
				A3499297219B855B004ECBB0 /* Main.storyboard in Resources */,
				A34992A7219B8634004ECBB0 /* botaogerar-pressionado.png in Resources */,
			);
			runOnlyForDeploymentPostprocessing = 0;
		};
/* End PBXResourcesBuildPhase section */

/* Begin PBXSourcesBuildPhase section */
		A349928A219B855B004ECBB0 /* Sources */ = {
			isa = PBXSourcesBuildPhase;
			buildActionMask = 2147483647;
			files = (
				A3499294219B855B004ECBB0 /* ViewController.swift in Sources */,
				A3499292219B855B004ECBB0 /* AppDelegate.swift in Sources */,
			);
			runOnlyForDeploymentPostprocessing = 0;
		};
/* End PBXSourcesBuildPhase section */

/* Begin PBXVariantGroup section */
		A3499295219B855B004ECBB0 /* Main.storyboard */ = {
			isa = PBXVariantGroup;
			children = (
				A3499296219B855B004ECBB0 /* Base */,
			);
			name = Main.storyboard;
			sourceTree = "<group>";
		};
		A349929A219B855D004ECBB0 /* LaunchScreen.storyboard */ = {
			isa = PBXVariantGroup;
			children = (
				A349929B219B855D004ECBB0 /* Base */,
			);
			name = LaunchScreen.storyboard;
			sourceTree = "<group>";
		};
/* End PBXVariantGroup section */

/* Begin XCBuildConfiguration section */
		A349929E219B855D004ECBB0 /* Debug */ = {
			isa = XCBuildConfiguration;
			buildSettings = {
				ALWAYS_SEARCH_USER_PATHS = NO;
				CLANG_ANALYZER_NONNULL = YES;
				CLANG_ANALYZER_NUMBER_OBJECT_CONVERSION = YES_AGGRESSIVE;
				CLANG_CXX_LANGUAGE_STANDARD = "gnu++14";
				CLANG_CXX_LIBRARY = "libc++";
				CLANG_ENABLE_MODULES = YES;
				CLANG_ENABLE_OBJC_ARC = YES;
				CLANG_ENABLE_OBJC_WEAK = YES;
				CLANG_WARN_BLOCK_CAPTURE_AUTORELEASING = YES;
				CLANG_WARN_BOOL_CONVERSION = YES;
				CLANG_WARN_COMMA = YES;
				CLANG_WARN_CONSTANT_CONVERSION = YES;
				CLANG_WARN_DEPRECATED_OBJC_IMPLEMENTATIONS = YES;
				CLANG_WARN_DIRECT_OBJC_ISA_USAGE = YES_ERROR;
				CLANG_WARN_DOCUMENTATION_COMMENTS = YES;
				CLANG_WARN_EMPTY_BODY = YES;
				CLANG_WARN_ENUM_CONVERSION = YES;
				CLANG_WARN_INFINITE_RECURSION = YES;
				CLANG_WARN_INT_CONVERSION = YES;
				CLANG_WARN_NON_LITERAL_NULL_CONVERSION = YES;
				CLANG_WARN_OBJC_IMPLICIT_RETAIN_SELF = YES;
				CLANG_WARN_OBJC_LITERAL_CONVERSION = YES;
				CLANG_WARN_OBJC_ROOT_CLASS = YES_ERROR;
				CLANG_WARN_RANGE_LOOP_ANALYSIS = YES;
				CLANG_WARN_STRICT_PROTOTYPES = YES;
				CLANG_WARN_SUSPICIOUS_MOVE = YES;
				CLANG_WARN_UNGUARDED_AVAILABILITY = YES_AGGRESSIVE;
				CLANG_WARN_UNREACHABLE_CODE = YES;
				CLANG_WARN__DUPLICATE_METHOD_MATCH = YES;
				CODE_SIGN_IDENTITY = "iPhone Developer";
				COPY_PHASE_STRIP = NO;
				DEBUG_INFORMATION_FORMAT = dwarf;
				ENABLE_STRICT_OBJC_MSGSEND = YES;
				ENABLE_TESTABILITY = YES;
				GCC_C_LANGUAGE_STANDARD = gnu11;
				GCC_DYNAMIC_NO_PIC = NO;
				GCC_NO_COMMON_BLOCKS = YES;
				GCC_OPTIMIZATION_LEVEL = 0;
				GCC_PREPROCESSOR_DEFINITIONS = (
					"DEBUG=1",
					"$(inherited)",
				);
				GCC_WARN_64_TO_32_BIT_CONVERSION = YES;
				GCC_WARN_ABOUT_RETURN_TYPE = YES_ERROR;
				GCC_WARN_UNDECLARED_SELECTOR = YES;
				GCC_WARN_UNINITIALIZED_AUTOS = YES_AGGRESSIVE;
				GCC_WARN_UNUSED_FUNCTION = YES;
				GCC_WARN_UNUSED_VARIABLE = YES;
				IPHONEOS_DEPLOYMENT_TARGET = 12.0;
				MTL_ENABLE_DEBUG_INFO = INCLUDE_SOURCE;
				MTL_FAST_MATH = YES;
				ONLY_ACTIVE_ARCH = YES;
				SDKROOT = iphoneos;
				SWIFT_ACTIVE_COMPILATION_CONDITIONS = DEBUG;
				SWIFT_OPTIMIZATION_LEVEL = "-Onone";
			};
			name = Debug;
		};
		A349929F219B855D004ECBB0 /* Release */ = {
			isa = XCBuildConfiguration;
			buildSettings = {
				ALWAYS_SEARCH_USER_PATHS = NO;
				CLANG_ANALYZER_NONNULL = YES;
				CLANG_ANALYZER_NUMBER_OBJECT_CONVERSION = YES_AGGRESSIVE;
				CLANG_CXX_LANGUAGE_STANDARD = "gnu++14";
				CLANG_CXX_LIBRARY = "libc++";
				CLANG_ENABLE_MODULES = YES;
				CLANG_ENABLE_OBJC_ARC = YES;
				CLANG_ENABLE_OBJC_WEAK = YES;
				CLANG_WARN_BLOCK_CAPTURE_AUTORELEASING = YES;
				CLANG_WARN_BOOL_CONVERSION = YES;
				CLANG_WARN_COMMA = YES;
				CLANG_WARN_CONSTANT_CONVERSION = YES;
				CLANG_WARN_DEPRECATED_OBJC_IMPLEMENTATIONS = YES;
				CLANG_WARN_DIRECT_OBJC_ISA_USAGE = YES_ERROR;
				CLANG_WARN_DOCUMENTATION_COMMENTS = YES;
				CLANG_WARN_EMPTY_BODY = YES;
				CLANG_WARN_ENUM_CONVERSION = YES;
				CLANG_WARN_INFINITE_RECURSION = YES;
				CLANG_WARN_INT_CONVERSION = YES;
				CLANG_WARN_NON_LITERAL_NULL_CONVERSION = YES;
				CLANG_WARN_OBJC_IMPLICIT_RETAIN_SELF = YES;
				CLANG_WARN_OBJC_LITERAL_CONVERSION = YES;
				CLANG_WARN_OBJC_ROOT_CLASS = YES_ERROR;
				CLANG_WARN_RANGE_LOOP_ANALYSIS = YES;
				CLANG_WARN_STRICT_PROTOTYPES = YES;
				CLANG_WARN_SUSPICIOUS_MOVE = YES;
				CLANG_WARN_UNGUARDED_AVAILABILITY = YES_AGGRESSIVE;
				CLANG_WARN_UNREACHABLE_CODE = YES;
				CLANG_WARN__DUPLICATE_METHOD_MATCH = YES;
				CODE_SIGN_IDENTITY = "iPhone Developer";
				COPY_PHASE_STRIP = NO;
				DEBUG_INFORMATION_FORMAT = "dwarf-with-dsym";
				ENABLE_NS_ASSERTIONS = NO;
				ENABLE_STRICT_OBJC_MSGSEND = YES;
				GCC_C_LANGUAGE_STANDARD = gnu11;
				GCC_NO_COMMON_BLOCKS = YES;
				GCC_WARN_64_TO_32_BIT_CONVERSION = YES;
				GCC_WARN_ABOUT_RETURN_TYPE = YES_ERROR;
				GCC_WARN_UNDECLARED_SELECTOR = YES;
				GCC_WARN_UNINITIALIZED_AUTOS = YES_AGGRESSIVE;
				GCC_WARN_UNUSED_FUNCTION = YES;
				GCC_WARN_UNUSED_VARIABLE = YES;
				IPHONEOS_DEPLOYMENT_TARGET = 12.0;
				MTL_ENABLE_DEBUG_INFO = NO;
				MTL_FAST_MATH = YES;
				SDKROOT = iphoneos;
				SWIFT_COMPILATION_MODE = wholemodule;
				SWIFT_OPTIMIZATION_LEVEL = "-O";
				VALIDATE_PRODUCT = YES;
			};
			name = Release;
		};
		A34992A1219B855D004ECBB0 /* Debug */ = {
			isa = XCBuildConfiguration;
			buildSettings = {
				ASSETCATALOG_COMPILER_APPICON_NAME = AppIcon;
				CODE_SIGN_STYLE = Automatic;
				DEVELOPMENT_TEAM = 9U9U2WB44B;
				INFOPLIST_FILE = "Gerador Numeros Aleatorios/Info.plist";
				LD_RUNPATH_SEARCH_PATHS = (
					"$(inherited)",
					"@executable_path/Frameworks",
				);
				PRODUCT_BUNDLE_IDENTIFIER = "com.ak.Gerador-Numeros-Aleatorios";
				PRODUCT_NAME = "$(TARGET_NAME)";
				SWIFT_VERSION = 4.2;
				TARGETED_DEVICE_FAMILY = "1,2";
			};
			name = Debug;
		};
		A34992A2219B855D004ECBB0 /* Release */ = {
			isa = XCBuildConfiguration;
			buildSettings = {
				ASSETCATALOG_COMPILER_APPICON_NAME = AppIcon;
				CODE_SIGN_STYLE = Automatic;
				DEVELOPMENT_TEAM = 9U9U2WB44B;
				INFOPLIST_FILE = "Gerador Numeros Aleatorios/Info.plist";
				LD_RUNPATH_SEARCH_PATHS = (
					"$(inherited)",
					"@executable_path/Frameworks",
				);
				PRODUCT_BUNDLE_IDENTIFIER = "com.ak.Gerador-Numeros-Aleatorios";
				PRODUCT_NAME = "$(TARGET_NAME)";
				SWIFT_VERSION = 4.2;
				TARGETED_DEVICE_FAMILY = "1,2";
			};
			name = Release;
		};
/* End XCBuildConfiguration section */

/* Begin XCConfigurationList section */
		A3499289219B855B004ECBB0 /* Build configuration list for PBXProject "Gerador Numeros Aleatorios" */ = {
			isa = XCConfigurationList;
			buildConfigurations = (
				A349929E219B855D004ECBB0 /* Debug */,
				A349929F219B855D004ECBB0 /* Release */,
			);
			defaultConfigurationIsVisible = 0;
			defaultConfigurationName = Release;
		};
		A34992A0219B855D004ECBB0 /* Build configuration list for PBXNativeTarget "Gerador Numeros Aleatorios" */ = {
			isa = XCConfigurationList;
			buildConfigurations = (
				A34992A1219B855D004ECBB0 /* Debug */,
				A34992A2219B855D004ECBB0 /* Release */,
			);
			defaultConfigurationIsVisible = 0;
			defaultConfigurationName = Release;
		};
/* End XCConfigurationList section */
	};
	rootObject = A3499286219B855B004ECBB0 /* Project object */;
}
